
Microsoft Visual Studio Solution File, Format Version 12.00
# Visual Studio Version 17
VisualStudioVersion = 17.5.33502.453
MinimumVisualStudioVersion = 10.0.40219.1
Project("{8BC9CEB8-8B4A-11D0-8D11-00A0C91BC942}") = "BOJ_2810", "BOJ_2810.vcxproj", "{9F49BF8F-1689-42F6-B8C8-FEFB45F57A65}"
EndProject
Global
	GlobalSection(SolutionConfigurationPlatforms) = preSolution
		Debug|x64 = Debug|x64
		Release|x64 = Release|x64
	EndGlobalSection
	GlobalSection(ProjectConfigurationPlatforms) = postSolution
		{9F49BF8F-1689-42F6-B8C8-FEFB45F57A65}.Debug|x64.ActiveCfg = Debug|x64
		{9F49BF8F-1689-42F6-B8C8-FEFB45F57A65}.Debug|x64.Build.0 = Debug|x64
		{9F49BF8F-1689-42F6-B8C8-FEFB45F57A65}.Release|x64.ActiveCfg = Release|x64
		{9F49BF8F-1689-42F6-B8C8-FEFB45F57A65}.Release|x64.Build.0 = Release|x64
	EndGlobalSection
	GlobalSection(SolutionProperties) = preSolution
		HideSolutionNode = FALSE
	EndGlobalSection
	GlobalSection(ExtensibilityGlobals) = postSolution
		SolutionGuid = {8C74A03A-140D-4DAB-A5B9-425A68AEE8F7}
	EndGlobalSection
EndGlobal
